
Microsoft Visual Studio Solution File, Format Version 12.00
# Visual Studio Version 17
VisualStudioVersion = 17.7.34031.279
MinimumVisualStudioVersion = 10.0.40219.1
Project("{FAE04EC0-301F-11D3-BF4B-00C04F79EFBC}") = "MARSNunitAutomation", "MARSNunitAutomation\MARSNunitAutomation.csproj", "{C46B8ED6-D328-4045-B406-848C451CD023}"
EndProject
Global
	GlobalSection(SolutionConfigurationPlatforms) = preSolution
		Debug|Any CPU = Debug|Any CPU
		Release|Any CPU = Release|Any CPU
	EndGlobalSection
	GlobalSection(ProjectConfigurationPlatforms) = postSolution
		{C46B8ED6-D328-4045-B406-848C451CD023}.Debug|Any CPU.ActiveCfg = Debug|Any CPU
		{C46B8ED6-D328-4045-B406-848C451CD023}.Debug|Any CPU.Build.0 = Debug|Any CPU
		{C46B8ED6-D328-4045-B406-848C451CD023}.Release|Any CPU.ActiveCfg = Release|Any CPU
		{C46B8ED6-D328-4045-B406-848C451CD023}.Release|Any CPU.Build.0 = Release|Any CPU
	EndGlobalSection
	GlobalSection(SolutionProperties) = preSolution
		HideSolutionNode = FALSE
	EndGlobalSection
	GlobalSection(ExtensibilityGlobals) = postSolution
		SolutionGuid = {6875038E-C129-4E8B-89B7-AC7DA251D128}
	EndGlobalSection
EndGlobal
